
Microsoft Visual Studio Solution File, Format Version 12.00
# Visual Studio 15
VisualStudioVersion = 15.0.25909.2
MinimumVisualStudioVersion = 10.0.40219.1
Project("{FAE04EC0-301F-11D3-BF4B-00C04F79EFBC}") = "VstsUserManagement.Console", "src\VstsUserManagement.Console\VstsUserManagement.Console.csproj", "{81979925-C3D6-4BF2-9925-CFB08A777642}"
EndProject
Project("{2150E333-8FDC-42A3-9474-1A3956D46DE8}") = "SolutionItems", "SolutionItems", "{F4C2B958-417B-4348-8CB7-452A0E76ADCA}"
	ProjectSection(SolutionItems) = preProject
		.gitattributes = .gitattributes
		.gitignore = .gitignore
		GitVersion.yml = GitVersion.yml
		mkdocs.yml = mkdocs.yml
		README.md = README.md
	EndProjectSection
EndProject
Global
	GlobalSection(SolutionConfigurationPlatforms) = preSolution
		Debug|Any CPU = Debug|Any CPU
		Release|Any CPU = Release|Any CPU
	EndGlobalSection
	GlobalSection(ProjectConfigurationPlatforms) = postSolution
		{81979925-C3D6-4BF2-9925-CFB08A777642}.Debug|Any CPU.ActiveCfg = Debug|Any CPU
		{81979925-C3D6-4BF2-9925-CFB08A777642}.Debug|Any CPU.Build.0 = Debug|Any CPU
		{81979925-C3D6-4BF2-9925-CFB08A777642}.Release|Any CPU.ActiveCfg = Release|Any CPU
		{81979925-C3D6-4BF2-9925-CFB08A777642}.Release|Any CPU.Build.0 = Release|Any CPU
	EndGlobalSection
	GlobalSection(SolutionProperties) = preSolution
		HideSolutionNode = FALSE
	EndGlobalSection
EndGlobal
